
Microsoft Visual Studio Solution File, Format Version 12.00
# Visual Studio Version 17
VisualStudioVersion = 17.11.35327.3
MinimumVisualStudioVersion = 10.0.40219.1
Project("{9A19103F-16F7-4668-BE54-9A1E7A4F7556}") = "InsightHub.ArticleFetcher", "InsightHub.ArticleFetcher\InsightHub.ArticleFetcher.csproj", "{F3836687-CF06-4D6B-810A-FAAC7049F9C0}"
EndProject
Project("{FAE04EC0-301F-11D3-BF4B-00C04F79EFBC}") = "InsightHub.Tests", "InsightHub.Tests\InsightHub.Tests.csproj", "{44A494C7-E9D7-4C3B-B9CB-A703AFA2B7FB}"
EndProject
Global
	GlobalSection(SolutionConfigurationPlatforms) = preSolution
		Debug|Any CPU = Debug|Any CPU
		Release|Any CPU = Release|Any CPU
	EndGlobalSection
	GlobalSection(ProjectConfigurationPlatforms) = postSolution
		{F3836687-CF06-4D6B-810A-FAAC7049F9C0}.Debug|Any CPU.ActiveCfg = Debug|Any CPU
		{F3836687-CF06-4D6B-810A-FAAC7049F9C0}.Debug|Any CPU.Build.0 = Debug|Any CPU
		{F3836687-CF06-4D6B-810A-FAAC7049F9C0}.Release|Any CPU.ActiveCfg = Release|Any CPU
		{F3836687-CF06-4D6B-810A-FAAC7049F9C0}.Release|Any CPU.Build.0 = Release|Any CPU
		{44A494C7-E9D7-4C3B-B9CB-A703AFA2B7FB}.Debug|Any CPU.ActiveCfg = Debug|Any CPU
		{44A494C7-E9D7-4C3B-B9CB-A703AFA2B7FB}.Debug|Any CPU.Build.0 = Debug|Any CPU
		{44A494C7-E9D7-4C3B-B9CB-A703AFA2B7FB}.Release|Any CPU.ActiveCfg = Release|Any CPU
		{44A494C7-E9D7-4C3B-B9CB-A703AFA2B7FB}.Release|Any CPU.Build.0 = Release|Any CPU
	EndGlobalSection
	GlobalSection(SolutionProperties) = preSolution
		HideSolutionNode = FALSE
	EndGlobalSection
	GlobalSection(ExtensibilityGlobals) = postSolution
		SolutionGuid = {FF53DEF2-975D-420C-92B0-70E28ED70E25}
	EndGlobalSection
EndGlobal
